
Microsoft Visual Studio Solution File, Format Version 12.00
# Visual Studio Version 17
VisualStudioVersion = 17.6.33815.320
MinimumVisualStudioVersion = 10.0.40219.1
Project("{FAE04EC0-301F-11D3-BF4B-00C04F79EFBC}") = "SemaphorePractice", "SemaphorePractice.csproj", "{8DE7320C-4462-4135-9073-B08764396422}"
EndProject
Global
	GlobalSection(SolutionConfigurationPlatforms) = preSolution
		Debug|Any CPU = Debug|Any CPU
		Release|Any CPU = Release|Any CPU
	EndGlobalSection
	GlobalSection(ProjectConfigurationPlatforms) = postSolution
		{8DE7320C-4462-4135-9073-B08764396422}.Debug|Any CPU.ActiveCfg = Debug|Any CPU
		{8DE7320C-4462-4135-9073-B08764396422}.Debug|Any CPU.Build.0 = Debug|Any CPU
		{8DE7320C-4462-4135-9073-B08764396422}.Release|Any CPU.ActiveCfg = Release|Any CPU
		{8DE7320C-4462-4135-9073-B08764396422}.Release|Any CPU.Build.0 = Release|Any CPU
	EndGlobalSection
	GlobalSection(SolutionProperties) = preSolution
		HideSolutionNode = FALSE
	EndGlobalSection
	GlobalSection(ExtensibilityGlobals) = postSolution
		SolutionGuid = {23D24B2C-259D-4DD5-89B7-94B293590D67}
	EndGlobalSection
EndGlobal
